# This file is @generated by PDM.
# It is not intended for manual editing.

[metadata]
groups = ["default"]
strategy = ["inherit_metadata"]
lock_version = "4.5.0"
content_hash = "sha256:fa581b805b0f2142e1a1ed3fce8bb2d969834c14c5d6d6799fce50d2f42897fb"

[[metadata.targets]]
requires_python = "==3.12.*"

[[package]]
name = "contourpy"
version = "1.3.3"
requires_python = ">=3.11"
summary = "Python library for calculating contours of 2D quadrilateral grids"
groups = ["default"]
dependencies = [
    "numpy>=1.25",
]
files = [
    {file = "contourpy-1.3.3-cp312-cp312-macosx_10_13_x86_64.whl", hash = "sha256:b08a32ea2f8e42cf1d4be3169a98dd4be32bafe4f22b6c4cb4ba810fa9e5d2cb"},
    {file = "contourpy-1.3.3-cp312-cp312-macosx_11_0_arm64.whl", hash = "sha256:556dba8fb6f5d8742f2923fe9457dbdd51e1049c4a43fd3986a0b14a1d815fc6"},
    {file = "contourpy-1.3.3-cp312-cp312-manylinux_2_26_aarch64.manylinux_2_28_aarch64.whl", hash = "sha256:92d9abc807cf7d0e047b95ca5d957cf4792fcd04e920ca70d48add15c1a90ea7"},
    {file = "contourpy-1.3.3-cp312-cp312-manylinux_2_26_ppc64le.manylinux_2_28_ppc64le.whl", hash = "sha256:b2e8faa0ed68cb29af51edd8e24798bb661eac3bd9f65420c1887b6ca89987c8"},
    {file = "contourpy-1.3.3-cp312-cp312-manylinux_2_26_s390x.manylinux_2_28_s390x.whl", hash = "sha256:626d60935cf668e70a5ce6ff184fd713e9683fb458898e4249b63be9e28286ea"},
    {file = "contourpy-1.3.3-cp312-cp312-manylinux_2_27_x86_64.manylinux_2_28_x86_64.whl", hash = "sha256:4d00e655fcef08aba35ec9610536bfe90267d7ab5ba944f7032549c55a146da1"},
    {file = "contourpy-1.3.3-cp312-cp312-musllinux_1_2_aarch64.whl", hash = "sha256:451e71b5a7d597379ef572de31eeb909a87246974d960049a9848c3bc6c41bf7"},
    {file = "contourpy-1.3.3-cp312-cp312-musllinux_1_2_x86_64.whl", hash = "sha256:459c1f020cd59fcfe6650180678a9993932d80d44ccde1fa1868977438f0b411"},
    {file = "contourpy-1.3.3-cp312-cp312-win32.whl", hash = "sha256:023b44101dfe49d7d53932be418477dba359649246075c996866106da069af69"},
    {file = "contourpy-1.3.3-cp312-cp312-win_amd64.whl", hash = "sha256:8153b8bfc11e1e4d75bcb0bff1db232f9e10b274e0929de9d608027e0d34ff8b"},
    {file = "contourpy-1.3.3-cp312-cp312-win_arm64.whl", hash = "sha256:07ce5ed73ecdc4a03ffe3e1b3e3c1166db35ae7584be76f65dbbe28a7791b0cc"},
    {file = "contourpy-1.3.3.tar.gz", hash = "sha256:083e12155b210502d0bca491432bb04d56dc3432f95a979b429f2848c3dbe880"},
]

[[package]]
name = "cycler"
version = "0.12.1"
requires_python = ">=3.8"
summary = "Composable style cycles"
groups = ["default"]
files = [
    {file = "cycler-0.12.1-py3-none-any.whl", hash = "sha256:85cef7cff222d8644161529808465972e51340599459b8ac3ccbac5a854e0d30"},
    {file = "cycler-0.12.1.tar.gz", hash = "sha256:88bb128f02ba341da8ef447245a9e138fae777f6a23943da4540077d3601eb1c"},
]

[[package]]
name = "fonttools"
version = "4.60.1"
requires_python = ">=3.9"
summary = "Tools to manipulate font files"
groups = ["default"]
files = [
    {file = "fonttools-4.60.1-cp312-cp312-macosx_10_13_universal2.whl", hash = "sha256:7b0c6d57ab00dae9529f3faf187f2254ea0aa1e04215cf2f1a8ec277c96661bc"},
    {file = "fonttools-4.60.1-cp312-cp312-macosx_10_13_x86_64.whl", hash = "sha256:839565cbf14645952d933853e8ade66a463684ed6ed6c9345d0faf1f0e868877"},
    {file = "fonttools-4.60.1-cp312-cp312-manylinux1_x86_64.manylinux2014_x86_64.manylinux_2_17_x86_64.manylinux_2_5_x86_64.whl", hash = "sha256:8177ec9676ea6e1793c8a084a90b65a9f778771998eb919d05db6d4b1c0b114c"},
    {file = "fonttools-4.60.1-cp312-cp312-manylinux2014_aarch64.manylinux_2_17_aarch64.manylinux_2_28_aarch64.whl", hash = "sha256:996a4d1834524adbb423385d5a629b868ef9d774670856c63c9a0408a3063401"},
    {file = "fonttools-4.60.1-cp312-cp312-musllinux_1_2_aarch64.whl", hash = "sha256:a46b2f450bc79e06ef3b6394f0c68660529ed51692606ad7f953fc2e448bc903"},
    {file = "fonttools-4.60.1-cp312-cp312-musllinux_1_2_x86_64.whl", hash = "sha256:6ec722ee589e89a89f5b7574f5c45604030aa6ae24cb2c751e2707193b466fed"},
    {file = "fonttools-4.60.1-cp312-cp312-win32.whl", hash = "sha256:b2cf105cee600d2de04ca3cfa1f74f1127f8455b71dbad02b9da6ec266e116d6"},
    {file = "fonttools-4.60.1-cp312-cp312-win_amd64.whl", hash = "sha256:992775c9fbe2cf794786fa0ffca7f09f564ba3499b8fe9f2f80bd7197db60383"},
    {file = "fonttools-4.60.1-py3-none-any.whl", hash = "sha256:906306ac7afe2156fcf0042173d6ebbb05416af70f6b370967b47f8f00103bbb"},
    {file = "fonttools-4.60.1.tar.gz", hash = "sha256:ef00af0439ebfee806b25f24c8f92109157ff3fac5731dc7867957812e87b8d9"},
]

[[package]]
name = "joblib"
version = "1.5.2"
requires_python = ">=3.9"
summary = "Lightweight pipelining with Python functions"
groups = ["default"]
files = [
    {file = "joblib-1.5.2-py3-none-any.whl", hash = "sha256:4e1f0bdbb987e6d843c70cf43714cb276623def372df3c22fe5266b2670bc241"},
    {file = "joblib-1.5.2.tar.gz", hash = "sha256:3faa5c39054b2f03ca547da9b2f52fde67c06240c31853f306aea97f13647b55"},
]

[[package]]
name = "kiwisolver"
version = "1.4.9"
requires_python = ">=3.10"
summary = "A fast implementation of the Cassowary constraint solver"
groups = ["default"]
files = [
    {file = "kiwisolver-1.4.9-cp312-cp312-macosx_10_13_universal2.whl", hash = "sha256:ac5a486ac389dddcc5bef4f365b6ae3ffff2c433324fb38dd35e3fab7c957999"},
    {file = "kiwisolver-1.4.9-cp312-cp312-macosx_10_13_x86_64.whl", hash = "sha256:f2ba92255faa7309d06fe44c3a4a97efe1c8d640c2a79a5ef728b685762a6fd2"},
    {file = "kiwisolver-1.4.9-cp312-cp312-macosx_11_0_arm64.whl", hash = "sha256:4a2899935e724dd1074cb568ce7ac0dce28b2cd6ab539c8e001a8578eb106d14"},
    {file = "kiwisolver-1.4.9-cp312-cp312-manylinux2014_x86_64.manylinux_2_17_x86_64.whl", hash = "sha256:f6008a4919fdbc0b0097089f67a1eb55d950ed7e90ce2cc3e640abadd2757a04"},
    {file = "kiwisolver-1.4.9-cp312-cp312-manylinux_2_24_aarch64.manylinux_2_28_aarch64.whl", hash = "sha256:67bb8b474b4181770f926f7b7d2f8c0248cbcb78b660fdd41a47054b28d2a752"},
    {file = "kiwisolver-1.4.9-cp312-cp312-manylinux_2_24_ppc64le.manylinux_2_28_ppc64le.whl", hash = "sha256:2327a4a30d3ee07d2fbe2e7933e8a37c591663b96ce42a00bc67461a87d7df77"},
    {file = "kiwisolver-1.4.9-cp312-cp312-manylinux_2_24_s390x.manylinux_2_28_s390x.whl", hash = "sha256:7a08b491ec91b1d5053ac177afe5290adacf1f0f6307d771ccac5de30592d198"},
    {file = "kiwisolver-1.4.9-cp312-cp312-musllinux_1_2_aarch64.whl", hash = "sha256:d8fc5c867c22b828001b6a38d2eaeb88160bf5783c6cb4a5e440efc981ce286d"},
    {file = "kiwisolver-1.4.9-cp312-cp312-musllinux_1_2_ppc64le.whl", hash = "sha256:3b3115b2581ea35bb6d1f24a4c90af37e5d9b49dcff267eeed14c3893c5b86ab"},
    {file = "kiwisolver-1.4.9-cp312-cp312-musllinux_1_2_s390x.whl", hash = "sha256:858e4c22fb075920b96a291928cb7dea5644e94c0ee4fcd5af7e865655e4ccf2"},
    {file = "kiwisolver-1.4.9-cp312-cp312-musllinux_1_2_x86_64.whl", hash = "sha256:ed0fecd28cc62c54b262e3736f8bb2512d8dcfdc2bcf08be5f47f96bf405b145"},
    {file = "kiwisolver-1.4.9-cp312-cp312-win_amd64.whl", hash = "sha256:f68208a520c3d86ea51acf688a3e3002615a7f0238002cccc17affecc86a8a54"},
    {file = "kiwisolver-1.4.9-cp312-cp312-win_arm64.whl", hash = "sha256:2c1a4f57df73965f3f14df20b80ee29e6a7930a57d2d9e8491a25f676e197c60"},
    {file = "kiwisolver-1.4.9.tar.gz", hash = "sha256:c3b22c26c6fd6811b0ae8363b95ca8ce4ea3c202d3d0975b2914310ceb1bcc4d"},
]

[[package]]
name = "liac-arff"
version = "2.5.0"
requires_python = ">=2.7, !=3.0.*, !=3.1.*, !=3.2.*, !=3.3.*, !=3.4.*"
summary = "A module for read and write ARFF files in Python."
groups = ["default"]
files = [
    {file = "liac-arff-2.5.0.tar.gz", hash = "sha256:3220d0af6487c5aa71b47579be7ad1d94f3849ff1e224af3bf05ad49a0b5c4da"},
]

[[package]]
name = "matplotlib"
version = "3.10.7"
requires_python = ">=3.10"
summary = "Python plotting package"
groups = ["default"]
dependencies = [
    "contourpy>=1.0.1",
    "cycler>=0.10",
    "fonttools>=4.22.0",
    "kiwisolver>=1.3.1",
    "numpy>=1.23",
    "packaging>=20.0",
    "pillow>=8",
    "pyparsing>=3",
    "python-dateutil>=2.7",
]
files = [
    {file = "matplotlib-3.10.7-cp312-cp312-macosx_10_13_x86_64.whl", hash = "sha256:7a0edb7209e21840e8361e91ea84ea676658aa93edd5f8762793dec77a4a6748"},
    {file = "matplotlib-3.10.7-cp312-cp312-macosx_11_0_arm64.whl", hash = "sha256:c380371d3c23e0eadf8ebff114445b9f970aff2010198d498d4ab4c3b41eea4f"},
    {file = "matplotlib-3.10.7-cp312-cp312-manylinux2014_x86_64.manylinux_2_17_x86_64.whl", hash = "sha256:d5f256d49fea31f40f166a5e3131235a5d2f4b7f44520b1cf0baf1ce568ccff0"},
    {file = "matplotlib-3.10.7-cp312-cp312-manylinux_2_27_aarch64.manylinux_2_28_aarch64.whl", hash = "sha256:11ae579ac83cdf3fb72573bb89f70e0534de05266728740d478f0f818983c695"},
    {file = "matplotlib-3.10.7-cp312-cp312-musllinux_1_2_x86_64.whl", hash = "sha256:4c14b6acd16cddc3569a2d515cfdd81c7a68ac5639b76548cfc1a9e48b20eb65"},
    {file = "matplotlib-3.10.7-cp312-cp312-win_amd64.whl", hash = "sha256:0d8c32b7ea6fb80b1aeff5a2ceb3fb9778e2759e899d9beff75584714afcc5ee"},
    {file = "matplotlib-3.10.7-cp312-cp312-win_arm64.whl", hash = "sha256:5f3f6d315dcc176ba7ca6e74c7768fb7e4cf566c49cb143f6bc257b62e634ed8"},
    {file = "matplotlib-3.10.7.tar.gz", hash = "sha256:a06ba7e2a2ef9131c79c49e63dad355d2d878413a0376c1727c8b9335ff731c7"},
]

[[package]]
name = "numpy"
version = "2.3.5"
requires_python = ">=3.11"
summary = "Fundamental package for array computing in Python"
groups = ["default"]
files = [
    {file = "numpy-2.3.5-cp312-cp312-macosx_10_13_x86_64.whl", hash = "sha256:74ae7b798248fe62021dbf3c914245ad45d1a6b0cb4a29ecb4b31d0bfbc4cc3e"},
    {file = "numpy-2.3.5-cp312-cp312-macosx_11_0_arm64.whl", hash = "sha256:ee3888d9ff7c14604052b2ca5535a30216aa0a58e948cdd3eeb8d3415f638769"},
    {file = "numpy-2.3.5-cp312-cp312-macosx_14_0_arm64.whl", hash = "sha256:612a95a17655e213502f60cfb9bf9408efdc9eb1d5f50535cc6eb365d11b42b5"},
    {file = "numpy-2.3.5-cp312-cp312-macosx_14_0_x86_64.whl", hash = "sha256:3101e5177d114a593d79dd79658650fe28b5a0d8abeb8ce6f437c0e6df5be1a4"},
    {file = "numpy-2.3.5-cp312-cp312-manylinux_2_27_aarch64.manylinux_2_28_aarch64.whl", hash = "sha256:8b973c57ff8e184109db042c842423ff4f60446239bd585a5131cc47f06f789d"},
    {file = "numpy-2.3.5-cp312-cp312-manylinux_2_27_x86_64.manylinux_2_28_x86_64.whl", hash = "sha256:0d8163f43acde9a73c2a33605353a4f1bc4798745a8b1d73183b28e5b435ae28"},
    {file = "numpy-2.3.5-cp312-cp312-musllinux_1_2_aarch64.whl", hash = "sha256:51c1e14eb1e154ebd80e860722f9e6ed6ec89714ad2db2d3aa33c31d7c12179b"},
    {file = "numpy-2.3.5-cp312-cp312-musllinux_1_2_x86_64.whl", hash = "sha256:b46b4ec24f7293f23adcd2d146960559aaf8020213de8ad1909dba6c013bf89c"},
    {file = "numpy-2.3.5-cp312-cp312-win32.whl", hash = "sha256:3997b5b3c9a771e157f9aae01dd579ee35ad7109be18db0e85dbdbe1de06e952"},
    {file = "numpy-2.3.5-cp312-cp312-win_amd64.whl", hash = "sha256:86945f2ee6d10cdfd67bcb4069c1662dd711f7e2a4343db5cecec06b87cf31aa"},
    {file = "numpy-2.3.5-cp312-cp312-win_arm64.whl", hash = "sha256:f28620fe26bee16243be2b7b874da327312240a7cdc38b769a697578d2100013"},
    {file = "numpy-2.3.5.tar.gz", hash = "sha256:784db1dcdab56bf0517743e746dfb0f885fc68d948aba86eeec2cba234bdf1c0"},
]

[[package]]
name = "packaging"
version = "25.0"
requires_python = ">=3.8"
summary = "Core utilities for Python packages"
groups = ["default"]
files = [
    {file = "packaging-25.0-py3-none-any.whl", hash = "sha256:29572ef2b1f17581046b3a2227d5c611fb25ec70ca1ba8554b24b0e69331a484"},
    {file = "packaging-25.0.tar.gz", hash = "sha256:d443872c98d677bf60f6a1f2f8c1cb748e8fe762d2bf9d3148b5599295b0fc4f"},
]

[[package]]
name = "pandas"
version = "2.3.3"
requires_python = ">=3.9"
summary = "Powerful data structures for data analysis, time series, and statistics"
groups = ["default"]
dependencies = [
    "numpy>=1.22.4; python_version < \"3.11\"",
    "numpy>=1.23.2; python_version == \"3.11\"",
    "numpy>=1.26.0; python_version >= \"3.12\"",
    "python-dateutil>=2.8.2",
    "pytz>=2020.1",
    "tzdata>=2022.7",
]
files = [
    {file = "pandas-2.3.3-cp312-cp312-macosx_10_13_x86_64.whl", hash = "sha256:6d21f6d74eb1725c2efaa71a2bfc661a0689579b58e9c0ca58a739ff0b002b53"},
    {file = "pandas-2.3.3-cp312-cp312-macosx_11_0_arm64.whl", hash = "sha256:3fd2f887589c7aa868e02632612ba39acb0b8948faf5cc58f0850e165bd46f35"},
    {file = "pandas-2.3.3-cp312-cp312-manylinux_2_24_aarch64.manylinux_2_28_aarch64.whl", hash = "sha256:ecaf1e12bdc03c86ad4a7ea848d66c685cb6851d807a26aa245ca3d2017a1908"},
    {file = "pandas-2.3.3-cp312-cp312-manylinux_2_24_x86_64.manylinux_2_28_x86_64.whl", hash = "sha256:b3d11d2fda7eb164ef27ffc14b4fcab16a80e1ce67e9f57e19ec0afaf715ba89"},
    {file = "pandas-2.3.3-cp312-cp312-musllinux_1_2_aarch64.whl", hash = "sha256:a68e15f780eddf2b07d242e17a04aa187a7ee12b40b930bfdd78070556550e98"},
    {file = "pandas-2.3.3-cp312-cp312-musllinux_1_2_x86_64.whl", hash = "sha256:371a4ab48e950033bcf52b6527eccb564f52dc826c02afd9a1bc0ab731bba084"},
    {file = "pandas-2.3.3-cp312-cp312-win_amd64.whl", hash = "sha256:a16dcec078a01eeef8ee61bf64074b4e524a2a3f4b3be9326420cabe59c4778b"},
    {file = "pandas-2.3.3.tar.gz", hash = "sha256:e05e1af93b977f7eafa636d043f9f94c7ee3ac81af99c13508215942e64c993b"},
]

[[package]]
name = "pillow"
version = "12.0.0"
requires_python = ">=3.10"
summary = "Python Imaging Library (fork)"
groups = ["default"]
files = [
    {file = "pillow-12.0.0-cp312-cp312-macosx_10_13_x86_64.whl", hash = "sha256:53561a4ddc36facb432fae7a9d8afbfaf94795414f5cdc5fc52f28c1dca90371"},
    {file = "pillow-12.0.0-cp312-cp312-macosx_11_0_arm64.whl", hash = "sha256:71db6b4c1653045dacc1585c1b0d184004f0d7e694c7b34ac165ca70c0838082"},
    {file = "pillow-12.0.0-cp312-cp312-manylinux2014_aarch64.manylinux_2_17_aarch64.whl", hash = "sha256:2fa5f0b6716fc88f11380b88b31fe591a06c6315e955c096c35715788b339e3f"},
    {file = "pillow-12.0.0-cp312-cp312-manylinux2014_x86_64.manylinux_2_17_x86_64.whl", hash = "sha256:82240051c6ca513c616f7f9da06e871f61bfd7805f566275841af15015b8f98d"},
    {file = "pillow-12.0.0-cp312-cp312-manylinux_2_27_aarch64.manylinux_2_28_aarch64.whl", hash = "sha256:55f818bd74fe2f11d4d7cbc65880a843c4075e0ac7226bc1a23261dbea531953"},
    {file = "pillow-12.0.0-cp312-cp312-manylinux_2_27_x86_64.manylinux_2_28_x86_64.whl", hash = "sha256:b87843e225e74576437fd5b6a4c2205d422754f84a06942cfaf1dc32243e45a8"},
    {file = "pillow-12.0.0-cp312-cp312-musllinux_1_2_aarch64.whl", hash = "sha256:c607c90ba67533e1b2355b821fef6764d1dd2cbe26b8c1005ae84f7aea25ff79"},
    {file = "pillow-12.0.0-cp312-cp312-musllinux_1_2_x86_64.whl", hash = "sha256:21f241bdd5080a15bc86d3466a9f6074a9c2c2b314100dd896ac81ee6db2f1ba"},
    {file = "pillow-12.0.0-cp312-cp312-win32.whl", hash = "sha256:dd333073e0cacdc3089525c7df7d39b211bcdf31fc2824e49d01c6b6187b07d0"},
    {file = "pillow-12.0.0-cp312-cp312-win_amd64.whl", hash = "sha256:9fe611163f6303d1619bbcb653540a4d60f9e55e622d60a3108be0d5b441017a"},
    {file = "pillow-12.0.0-cp312-cp312-win_arm64.whl", hash = "sha256:7dfb439562f234f7d57b1ac6bc8fe7f838a4bd49c79230e0f6a1da93e82f1fad"},
    {file = "pillow-12.0.0.tar.gz", hash = "sha256:87d4f8125c9988bfbed67af47dd7a953e2fc7b0cc1e7800ec6d2080d490bb353"},
]

[[package]]
name = "pyparsing"
version = "3.2.5"
requires_python = ">=3.9"
summary = "pyparsing - Classes and methods to define and execute parsing grammars"
groups = ["default"]
files = [
    {file = "pyparsing-3.2.5-py3-none-any.whl", hash = "sha256:e38a4f02064cf41fe6593d328d0512495ad1f3d8a91c4f73fc401b3079a59a5e"},
    {file = "pyparsing-3.2.5.tar.gz", hash = "sha256:2df8d5b7b2802ef88e8d016a2eb9c7aeaa923529cd251ed0fe4608275d4105b6"},
]

[[package]]
name = "python-dateutil"
version = "2.9.0.post0"
requires_python = "!=3.0.*,!=3.1.*,!=3.2.*,>=2.7"
summary = "Extensions to the standard Python datetime module"
groups = ["default"]
dependencies = [
    "six>=1.5",
]
files = [
    {file = "python-dateutil-2.9.0.post0.tar.gz", hash = "sha256:37dd54208da7e1cd875388217d5e00ebd4179249f90fb72437e91a35459a0ad3"},
    {file = "python_dateutil-2.9.0.post0-py2.py3-none-any.whl", hash = "sha256:a8b2bc7bffae282281c8140a97d3aa9c14da0b136dfe83f850eea9a5f7470427"},
]

[[package]]
name = "pytz"
version = "2025.2"
summary = "World timezone definitions, modern and historical"
groups = ["default"]
files = [
    {file = "pytz-2025.2-py2.py3-none-any.whl", hash = "sha256:5ddf76296dd8c44c26eb8f4b6f35488f3ccbf6fbbd7adee0b7262d43f0ec2f00"},
    {file = "pytz-2025.2.tar.gz", hash = "sha256:360b9e3dbb49a209c21ad61809c7fb453643e048b38924c765813546746e81c3"},
]

[[package]]
name = "scikit-learn"
version = "1.7.2"
requires_python = ">=3.10"
summary = "A set of python modules for machine learning and data mining"
groups = ["default"]
dependencies = [
    "joblib>=1.2.0",
    "numpy>=1.22.0",
    "scipy>=1.8.0",
    "threadpoolctl>=3.1.0",
]
files = [
    {file = "scikit_learn-1.7.2-cp312-cp312-macosx_10_13_x86_64.whl", hash = "sha256:8d91a97fa2b706943822398ab943cde71858a50245e31bc71dba62aab1d60a96"},
    {file = "scikit_learn-1.7.2-cp312-cp312-macosx_12_0_arm64.whl", hash = "sha256:acbc0f5fd2edd3432a22c69bed78e837c70cf896cd7993d71d51ba6708507476"},
    {file = "scikit_learn-1.7.2-cp312-cp312-manylinux2014_x86_64.manylinux_2_17_x86_64.whl", hash = "sha256:e5bf3d930aee75a65478df91ac1225ff89cd28e9ac7bd1196853a9229b6adb0b"},
    {file = "scikit_learn-1.7.2-cp312-cp312-manylinux_2_27_aarch64.manylinux_2_28_aarch64.whl", hash = "sha256:b4d6e9deed1a47aca9fe2f267ab8e8fe82ee20b4526b2c0cd9e135cea10feb44"},
    {file = "scikit_learn-1.7.2-cp312-cp312-win_amd64.whl", hash = "sha256:6088aa475f0785e01bcf8529f55280a3d7d298679f50c0bb70a2364a82d0b290"},
    {file = "scikit_learn-1.7.2.tar.gz", hash = "sha256:20e9e49ecd130598f1ca38a1d85090e1a600147b9c02fa6f15d69cb53d968fda"},
]

[[package]]
name = "scipy"
version = "1.16.3"
requires_python = ">=3.11"
summary = "Fundamental algorithms for scientific computing in Python"
groups = ["default"]
dependencies = [
    "numpy<2.6,>=1.25.2",
]
files = [
    {file = "scipy-1.16.3-cp312-cp312-macosx_10_14_x86_64.whl", hash = "sha256:81fc5827606858cf71446a5e98715ba0e11f0dbc83d71c7409d05486592a45d6"},
    {file = "scipy-1.16.3-cp312-cp312-macosx_12_0_arm64.whl", hash = "sha256:c97176013d404c7346bf57874eaac5187d969293bf40497140b0a2b2b7482e07"},
    {file = "scipy-1.16.3-cp312-cp312-macosx_14_0_arm64.whl", hash = "sha256:2b71d93c8a9936046866acebc915e2af2e292b883ed6e2cbe5c34beb094b82d9"},
    {file = "scipy-1.16.3-cp312-cp312-macosx_14_0_x86_64.whl", hash = "sha256:3d4a07a8e785d80289dfe66b7c27d8634a773020742ec7187b85ccc4b0e7b686"},
    {file = "scipy-1.16.3-cp312-cp312-manylinux2014_aarch64.manylinux_2_17_aarch64.whl", hash = "sha256:0553371015692a898e1aa858fed67a3576c34edefa6b7ebdb4e9dde49ce5c203"},
    {file = "scipy-1.16.3-cp312-cp312-manylinux2014_x86_64.manylinux_2_17_x86_64.whl", hash = "sha256:72d1717fd3b5e6ec747327ce9bda32d5463f472c9dce9f54499e81fbd50245a1"},
    {file = "scipy-1.16.3-cp312-cp312-musllinux_1_2_aarch64.whl", hash = "sha256:1fb2472e72e24d1530debe6ae078db70fb1605350c88a3d14bc401d6306dbffe"},
    {file = "scipy-1.16.3-cp312-cp312-musllinux_1_2_x86_64.whl", hash = "sha256:c5192722cffe15f9329a3948c4b1db789fbb1f05c97899187dcf009b283aea70"},
    {file = "scipy-1.16.3-cp312-cp312-win_amd64.whl", hash = "sha256:56edc65510d1331dae01ef9b658d428e33ed48b4f77b1d51caf479a0253f96dc"},
    {file = "scipy-1.16.3-cp312-cp312-win_arm64.whl", hash = "sha256:a8a26c78ef223d3e30920ef759e25625a0ecdd0d60e5a8818b7513c3e5384cf2"},
    {file = "scipy-1.16.3.tar.gz", hash = "sha256:01e87659402762f43bd2fee13370553a17ada367d42e7487800bf2916535aecb"},
]

[[package]]
name = "six"
version = "1.17.0"
requires_python = "!=3.0.*,!=3.1.*,!=3.2.*,>=2.7"
summary = "Python 2 and 3 compatibility utilities"
groups = ["default"]
files = [
    {file = "six-1.17.0-py2.py3-none-any.whl", hash = "sha256:4721f391ed90541fddacab5acf947aa0d3dc7d27b2e1e8eda2be8970586c3274"},
    {file = "six-1.17.0.tar.gz", hash = "sha256:ff70335d468e7eb6ec65b95b99d3a2836546063f63acc5171de367e834932a81"},
]

[[package]]
name = "threadpoolctl"
version = "3.6.0"
requires_python = ">=3.9"
summary = "threadpoolctl"
groups = ["default"]
files = [
    {file = "threadpoolctl-3.6.0-py3-none-any.whl", hash = "sha256:43a0b8fd5a2928500110039e43a5eed8480b918967083ea48dc3ab9f13c4a7fb"},
    {file = "threadpoolctl-3.6.0.tar.gz", hash = "sha256:8ab8b4aa3491d812b623328249fab5302a68d2d71745c8a4c719a2fcaba9f44e"},
]

[[package]]
name = "tzdata"
version = "2025.2"
requires_python = ">=2"
summary = "Provider of IANA time zone data"
groups = ["default"]
files = [
    {file = "tzdata-2025.2-py2.py3-none-any.whl", hash = "sha256:1a403fada01ff9221ca8044d701868fa132215d84beb92242d9acd2147f667a8"},
    {file = "tzdata-2025.2.tar.gz", hash = "sha256:b60a638fcc0daffadf82fe0f57e53d06bdec2f36c4df66280ae79bce6bd6f2b9"},
]
